
Microsoft Visual Studio Solution File, Format Version 12.00
# Visual Studio Version 17
VisualStudioVersion = 17.0.31912.275
MinimumVisualStudioVersion = 10.0.40219.1
Project("{FAE04EC0-301F-11D3-BF4B-00C04F79EFBC}") = "Lab_9_task_1", "Lab_9_task_1.csproj", "{7C64D8F1-E9AF-40C4-B939-3EBE12EAE6EC}"
EndProject
Global
	GlobalSection(SolutionConfigurationPlatforms) = preSolution
		Debug|Any CPU = Debug|Any CPU
		Release|Any CPU = Release|Any CPU
	EndGlobalSection
	GlobalSection(ProjectConfigurationPlatforms) = postSolution
		{7C64D8F1-E9AF-40C4-B939-3EBE12EAE6EC}.Debug|Any CPU.ActiveCfg = Debug|Any CPU
		{7C64D8F1-E9AF-40C4-B939-3EBE12EAE6EC}.Debug|Any CPU.Build.0 = Debug|Any CPU
		{7C64D8F1-E9AF-40C4-B939-3EBE12EAE6EC}.Release|Any CPU.ActiveCfg = Release|Any CPU
		{7C64D8F1-E9AF-40C4-B939-3EBE12EAE6EC}.Release|Any CPU.Build.0 = Release|Any CPU
	EndGlobalSection
	GlobalSection(SolutionProperties) = preSolution
		HideSolutionNode = FALSE
	EndGlobalSection
	GlobalSection(ExtensibilityGlobals) = postSolution
		SolutionGuid = {CDC06558-1831-4191-830A-A23E210BBA04}
	EndGlobalSection
EndGlobal
