
Microsoft Visual Studio Solution File, Format Version 12.00
# Visual Studio Version 17
VisualStudioVersion = 17.0.31912.275
MinimumVisualStudioVersion = 10.0.40219.1
Project("{FAE04EC0-301F-11D3-BF4B-00C04F79EFBC}") = "WindowsFormsApp7", "WindowsFormsApp7.csproj", "{F7803F49-9FD4-41D1-9548-69FD2E3BD266}"
EndProject
Global
	GlobalSection(SolutionConfigurationPlatforms) = preSolution
		Debug|Any CPU = Debug|Any CPU
		Release|Any CPU = Release|Any CPU
	EndGlobalSection
	GlobalSection(ProjectConfigurationPlatforms) = postSolution
		{F7803F49-9FD4-41D1-9548-69FD2E3BD266}.Debug|Any CPU.ActiveCfg = Debug|Any CPU
		{F7803F49-9FD4-41D1-9548-69FD2E3BD266}.Debug|Any CPU.Build.0 = Debug|Any CPU
		{F7803F49-9FD4-41D1-9548-69FD2E3BD266}.Release|Any CPU.ActiveCfg = Release|Any CPU
		{F7803F49-9FD4-41D1-9548-69FD2E3BD266}.Release|Any CPU.Build.0 = Release|Any CPU
	EndGlobalSection
	GlobalSection(SolutionProperties) = preSolution
		HideSolutionNode = FALSE
	EndGlobalSection
	GlobalSection(ExtensibilityGlobals) = postSolution
		SolutionGuid = {00EAB61B-5545-47A6-A3EF-A7E0C4D876AA}
	EndGlobalSection
EndGlobal
