
Microsoft Visual Studio Solution File, Format Version 12.00
# Visual Studio Version 17
VisualStudioVersion = 17.0.31912.275
MinimumVisualStudioVersion = 10.0.40219.1
Project("{FAE04EC0-301F-11D3-BF4B-00C04F79EFBC}") = "Lab_6", "Lab_6.csproj", "{2A126831-1152-4E4A-97DC-8E38A028EB45}"
EndProject
Global
	GlobalSection(SolutionConfigurationPlatforms) = preSolution
		Debug|Any CPU = Debug|Any CPU
		Release|Any CPU = Release|Any CPU
	EndGlobalSection
	GlobalSection(ProjectConfigurationPlatforms) = postSolution
		{2A126831-1152-4E4A-97DC-8E38A028EB45}.Debug|Any CPU.ActiveCfg = Debug|Any CPU
		{2A126831-1152-4E4A-97DC-8E38A028EB45}.Debug|Any CPU.Build.0 = Debug|Any CPU
		{2A126831-1152-4E4A-97DC-8E38A028EB45}.Release|Any CPU.ActiveCfg = Release|Any CPU
		{2A126831-1152-4E4A-97DC-8E38A028EB45}.Release|Any CPU.Build.0 = Release|Any CPU
	EndGlobalSection
	GlobalSection(SolutionProperties) = preSolution
		HideSolutionNode = FALSE
	EndGlobalSection
	GlobalSection(ExtensibilityGlobals) = postSolution
		SolutionGuid = {9E5F78C2-84FE-44AD-98BA-67B04F6050FD}
	EndGlobalSection
EndGlobal
